
Microsoft Visual Studio Solution File, Format Version 12.00
# Visual Studio Version 16
VisualStudioVersion = 16.0.30011.22
MinimumVisualStudioVersion = 10.0.40219.1
Project("{FAE04EC0-301F-11D3-BF4B-00C04F79EFBC}") = "distribution", "distribution\distribution.csproj", "{D8864E24-F540-45A5-B677-7D68FCD8DC39}"
EndProject
Global
	GlobalSection(SolutionConfigurationPlatforms) = preSolution
		Debug|Any CPU = Debug|Any CPU
		Release|Any CPU = Release|Any CPU
	EndGlobalSection
	GlobalSection(ProjectConfigurationPlatforms) = postSolution
		{D8864E24-F540-45A5-B677-7D68FCD8DC39}.Debug|Any CPU.ActiveCfg = Debug|Any CPU
		{D8864E24-F540-45A5-B677-7D68FCD8DC39}.Debug|Any CPU.Build.0 = Debug|Any CPU
		{D8864E24-F540-45A5-B677-7D68FCD8DC39}.Release|Any CPU.ActiveCfg = Release|Any CPU
		{D8864E24-F540-45A5-B677-7D68FCD8DC39}.Release|Any CPU.Build.0 = Release|Any CPU
	EndGlobalSection
	GlobalSection(SolutionProperties) = preSolution
		HideSolutionNode = FALSE
	EndGlobalSection
	GlobalSection(ExtensibilityGlobals) = postSolution
		SolutionGuid = {19D2EC4C-A4FC-4A84-866C-922445BE8D10}
	EndGlobalSection
EndGlobal
